{
  "name": "image-viewer",
  "version": "1.1.0",
  "lockfileVersion": 1,
  "requires": true,
  "dependencies": {
    "@angular/animations": {
      "version": "5.0.0",
      "resolved": "https://registry.npmjs.org/@angular/animations/-/animations-5.0.0.tgz",
      "integrity": "sha1-ta0ZnGf5P3WVREd+/+ZnnhVJkfs="
    },
    "@angular/cli": {
      "version": "1.5.0",
      "resolved": "https://registry.npmjs.org/@angular/cli/-/cli-1.5.0.tgz",
      "integrity": "sha512-nCXvqNCdi+8aOU2v6EABZsMg5bB7iM+wfaoWKnu9M5fOW2Rm+7/3Y1gDQKyFkgXCzXdy3J/xpfmwT0gjmjlvIA==",
      "dev": true,
      "dependencies": {
        "lodash": {
          "version": "4.17.4",
          "resolved": "https://registry.npmjs.org/lodash/-/lodash-4.17.4.tgz",
          "integrity": "sha1-eCA6TRwyiuHYbcpkYONptX9AVa4="
        }
      }
    },
    "@angular/common": {
      "version": "5.0.0",
      "resolved": "https://registry.npmjs.org/@angular/common/-/common-5.0.0.tgz",
      "integrity": "sha1-+W1mpRe5ldG6mygwnxXC41lnWCU="
    },
    "@angular/compiler": {
      "version": "5.0.0",
      "resolved": "https://registry.npmjs.org/@angular/compiler/-/compiler-5.0.0.tgz",
      "integrity": "sha1-uf+/GMijnYt9rOxHMZOpDiTMK8k="
    },
    "@angular/compiler-cli": {
      "version": "5.0.0",
      "resolved": "https://registry.npmjs.org/@angular/compiler-cli/-/compiler-cli-5.0.0.tgz",
      "integrity": "sha1-Dsu5N9hKT43ZTwwqR7B9LkaUyFM=",
      "dev": true
    },
    "@angular/core": {
      "version": "5.0.0",
      "resolved": "https://registry.npmjs.org/@angular/core/-/core-5.0.0.tgz",
      "integrity": "sha1-T5dqIl993fNJkvLK2CTJVDpG9Mg="
    },
    "@angular/forms": {
      "version": "5.0.0",
      "resolved": "https://registry.npmjs.org/@angular/forms/-/forms-5.0.0.tgz",
      "integrity": "sha1-x/3fo1OWdZrphSkgowzdqMQe0d4="
    },
    "@angular/http": {
      "version": "5.0.0",
      "resolved": "https://registry.npmjs.org/@angular/http/-/http-5.0.0.tgz",
      "integrity": "sha1-Byiivgz7sHhyfF64fUyF1T/smlE="
    },
    "@angular/language-service": {
      "version": "5.0.0",
      "resolved": "https://registry.npmjs.org/@angular/language-service/-/language-service-5.0.0.tgz",
      "integrity": "sha1-bMu2n0dXJw3QTsWFfTdjSy8CxAw=",
      "dev": true
    },
    "@angular/platform-browser": {
      "version": "5.0.0",
      "resolved": "https://registry.npmjs.org/@angular/platform-browser/-/platform-browser-5.0.0.tgz",
      "integrity": "sha1-xwOPfN6AcFtiAUiXIx4YLuyXb+0="
    },
    "@angular/platform-browser-dynamic": {
      "version": "5.0.0",
      "resolved": "https://registry.npmjs.org/@angular/platform-browser-dynamic/-/platform-browser-dynamic-5.0.0.tgz",
      "integrity": "sha1-iH4QbIsQOwQVz2FWpCXabYP0yJ0="
    },
    "@angular/router": {
      "version": "5.0.0",
      "resolved": "https://registry.npmjs.org/@angular/router/-/router-5.0.0.tgz",
      "integrity": "sha1-/ktSGmc4QIvOMPk6U0mRQMk6T3Y="
    },
    "@types/jasmine": {
      "version": "2.5.54",
      "resolved": "https://registry.npmjs.org/@types/jasmine/-/jasmine-2.5.54.tgz",
      "integrity": "sha512-B9YofFbUljs19g5gBKUYeLIulsh31U5AK70F41BImQRHEZQGm4GcN922UvnYwkduMqbC/NH+9fruWa/zrqvHIg==",
      "dev": true
    },
    "@types/jasminewd2": {
      "version": "2.0.3",
      "resolved": "https://registry.npmjs.org/@types/jasminewd2/-/jasminewd2-2.0.3.tgz",
      "integrity": "sha512-hYDVmQZT5VA2kigd4H4bv7vl/OhlympwREUemqBdOqtrYTo5Ytm12a5W5/nGgGYdanGVxj0x/VhZ7J3hOg/YKg==",
      "dev": true
    },
    "@types/node": {
      "version": "6.0.90",
      "resolved": "https://registry.npmjs.org/@types/node/-/node-6.0.90.tgz",
      "integrity": "sha512-tXoGRVdi7wZX7P1VWoV9Wfk0uYDOAHdEYXAttuWgSrN76Q32wQlSrMX0Rgyv3RTEaQY2ZLQrzYHVM2e8rfo8sA==",
      "dev": true
    },
    "autoprefixer": {
      "version": "6.7.7",
      "resolved": "https://registry.npmjs.org/autoprefixer/-/autoprefixer-6.7.7.tgz",
      "integrity": "sha1-Hb0cg1ZY41zj+ZhAmdsAWFx4IBQ=",
      "dev": true
    },
    "circular-dependency-plugin": {
      "version": "3.0.0",
      "resolved": "https://registry.npmjs.org/circular-dependency-plugin/-/circular-dependency-plugin-3.0.0.tgz",
      "integrity": "sha1-m2hpLjWw41EJmNAWS2rlARvqV2A=",
      "dev": true
    },
    "codelyzer": {
      "version": "3.2.2",
      "resolved": "https://registry.npmjs.org/codelyzer/-/codelyzer-3.2.2.tgz",
      "integrity": "sha512-VNvW9gRThsqRarEnLioiILd0Pdk0yCq/7cVgYvqHpC+3CHqfnrJfmXjoana7vzWfSis+9pODXofjCWX+nlU9Gw==",
      "dev": true
    },
    "copy-webpack-plugin": {
      "version": "4.2.0",
      "resolved": "https://registry.npmjs.org/copy-webpack-plugin/-/copy-webpack-plugin-4.2.0.tgz",
      "integrity": "sha512-eZERim02YjJcepLjrToQMapOoRLfiXewJi9zJON6xXNNJSUhkGzL1L/yFjOufS0KxsnWUzc2szg9t8ZaZKJXAg==",
      "dev": true,
      "dependencies": {
        "loader-utils": {
          "version": "0.2.17",
          "resolved": "https://registry.npmjs.org/loader-utils/-/loader-utils-0.2.17.tgz",
          "integrity": "sha1-+G5jdNQyBabmxg6RlvF8Apm/s0g="
        },
        "lodash": {
          "version": "4.17.4",
          "resolved": "https://registry.npmjs.org/lodash/-/lodash-4.17.4.tgz",
          "integrity": "sha1-eCA6TRwyiuHYbcpkYONptX9AVa4="
        }
      }
    },
    "core-js": {
      "version": "2.5.1",
      "resolved": "https://registry.npmjs.org/core-js/-/core-js-2.5.1.tgz",
      "integrity": "sha1-rmh03GaTd4m4B1T/VCjfZoGcpQs="
    },
    "css-loader": {
      "version": "0.28.7",
      "resolved": "https://registry.npmjs.org/css-loader/-/css-loader-0.28.7.tgz",
      "integrity": "sha512-GxMpax8a/VgcfRrVy0gXD6yLd5ePYbXX/5zGgTVYp4wXtJklS8Z2VaUArJgc//f6/Dzil7BaJObdSv8eKKCPgg==",
      "dev": true
    },
    "cssnano": {
      "version": "3.10.0",
      "resolved": "https://registry.npmjs.org/cssnano/-/cssnano-3.10.0.tgz",
      "integrity": "sha1-Tzj2zqK5sX+gFJDyPx3GjqZcHDg=",
      "dev": true
    },
    "devtron": {
      "version": "1.4.0",
      "resolved": "https://registry.npmjs.org/devtron/-/devtron-1.4.0.tgz",
      "integrity": "sha1-tedIvW6Vu+cL/MaKrm/mlhGUQeE=",
      "dev": true
    },
    "electron-builder": {
      "version": "19.43.4",
      "resolved": "https://registry.npmjs.org/electron-builder/-/electron-builder-19.43.4.tgz",
      "integrity": "sha512-rGpJwOAHgIEZ6Ck0ogxViQ0/NtAS7hzlh72xY31QazCjgSwKLAkWHGHP+T4U12EzVqFOmI3pD1i6/eBeAEUMuw==",
      "dev": true,
      "dependencies": {
        "ansi-regex": {
          "version": "3.0.0",
          "resolved": "https://registry.npmjs.org/ansi-regex/-/ansi-regex-3.0.0.tgz",
          "integrity": "sha1-7QMXwyIGT3lGbAKWa922Bas32Zg="
        },
        "camelcase": {
          "version": "4.1.0",
          "resolved": "https://registry.npmjs.org/camelcase/-/camelcase-4.1.0.tgz",
          "integrity": "sha1-1UVjW+HjPFQmScaRc+Xeas+uNN0="
        },
        "chalk": {
          "version": "2.3.0",
          "resolved": "https://registry.npmjs.org/chalk/-/chalk-2.3.0.tgz",
          "integrity": "sha512-Az5zJR2CBujap2rqXGaJKaPHyJ0IrUimvYNX+ncCy8PJP4ltOGTrHUIo097ZaL2zMeKYpiCdqDvS6zdrTFok3Q=="
        },
        "debug": {
          "version": "3.1.0",
          "resolved": "https://registry.npmjs.org/debug/-/debug-3.1.0.tgz",
          "integrity": "sha512-OX8XqP7/1a9cqkxYw2yXss15f26NKWBpDXQd0/uK/KPqdQhxbPa994hnzjcE2VqQpDslf55723cKPUOGSmMY3g=="
        },
        "esprima": {
          "version": "4.0.0",
          "resolved": "https://registry.npmjs.org/esprima/-/esprima-4.0.0.tgz",
          "integrity": "sha512-oftTcaMu/EGrEIu904mWteKIv8vMuOgGYo7EhVJJN00R/EED9DCua/xxHRdYnKtcECzVg7xOWhflvJMnqcFZjw=="
        },
        "find-up": {
          "version": "2.1.0",
          "resolved": "https://registry.npmjs.org/find-up/-/find-up-2.1.0.tgz",
          "integrity": "sha1-RdG35QbHF93UgndaK3eSCjwMV6c="
        },
        "is-fullwidth-code-point": {
          "version": "2.0.0",
          "resolved": "https://registry.npmjs.org/is-fullwidth-code-point/-/is-fullwidth-code-point-2.0.0.tgz",
          "integrity": "sha1-o7MKXE8ZkYMWeqq5O+764937ZU8="
        },
        "js-yaml": {
          "version": "3.10.0",
          "resolved": "https://registry.npmjs.org/js-yaml/-/js-yaml-3.10.0.tgz",
          "integrity": "sha512-O2v52ffjLa9VeM43J4XocZE//WT9N0IiwDa3KSHH7Tu8CtH+1qM8SIZvnsTh6v+4yFy5KUY3BHUVwjpfAWsjIA=="
        },
        "os-locale": {
          "version": "2.1.0",
          "resolved": "https://registry.npmjs.org/os-locale/-/os-locale-2.1.0.tgz",
          "integrity": "sha512-3sslG3zJbEYcaC4YVAvDorjGxc7tv6KVATnLPZONiljsUncvihe9BQoVCEs0RZ1kmf4Hk9OBqlZfJZWI4GanKA=="
        },
        "string-width": {
          "version": "2.1.1",
          "resolved": "https://registry.npmjs.org/string-width/-/string-width-2.1.1.tgz",
          "integrity": "sha512-nOqH59deCq9SRHlxq1Aw85Jnt4w6KvLKqWVik6oA9ZklXLNIOlqg4F2yrT1MVaTjAqvVwdfeZ7w7aCvJD7ugkw=="
        },
        "strip-ansi": {
          "version": "4.0.0",
          "resolved": "https://registry.npmjs.org/strip-ansi/-/strip-ansi-4.0.0.tgz",
          "integrity": "sha1-qEeQIusaw2iocTibY1JixQXuNo8="
        },
        "which-module": {
          "version": "2.0.0",
          "resolved": "https://registry.npmjs.org/which-module/-/which-module-2.0.0.tgz",
          "integrity": "sha1-2e8H3Od7mQK4o6j6SzHD4/fm6Ho="
        },
        "yargs": {
          "version": "10.0.3",
          "resolved": "https://registry.npmjs.org/yargs/-/yargs-10.0.3.tgz",
          "integrity": "sha512-DqBpQ8NAUX4GyPP/ijDGHsJya4tYqLQrjPr95HNsr1YwL3+daCfvBwg7+gIC6IdJhR2kATh3hb61vjzMWEtjdw=="
        },
        "yargs-parser": {
          "version": "8.0.0",
          "resolved": "https://registry.npmjs.org/yargs-parser/-/yargs-parser-8.0.0.tgz",
          "integrity": "sha1-IdR2Mw5agieaS4gTRb8GYQLiGcY="
        }
      }
    },
    "electron-packager": {
      "version": "9.1.0",
      "resolved": "https://registry.npmjs.org/electron-packager/-/electron-packager-9.1.0.tgz",
      "integrity": "sha1-Sy75+DQ/XeQxGC2Ckp2cBsDVGh0=",
      "dev": true,
      "dependencies": {
        "debug": {
          "version": "3.1.0",
          "resolved": "https://registry.npmjs.org/debug/-/debug-3.1.0.tgz",
          "integrity": "sha512-OX8XqP7/1a9cqkxYw2yXss15f26NKWBpDXQd0/uK/KPqdQhxbPa994hnzjcE2VqQpDslf55723cKPUOGSmMY3g=="
        },
        "electron-download": {
          "version": "4.1.0",
          "resolved": "https://registry.npmjs.org/electron-download/-/electron-download-4.1.0.tgz",
          "integrity": "sha1-v5MsdG8vh//MCdHdRy8v9rkYeEU=",
          "dependencies": {
            "debug": {
              "version": "2.6.9",
              "resolved": "https://registry.npmjs.org/debug/-/debug-2.6.9.tgz",
              "integrity": "sha512-bC7ElrdJaJnPbAP+1EotYvqZsb3ecl5wi6Bfi6BJTUcNowp6cvspg0jXznRTKDjm/E7AdgFBVeAPVMNcKGsHMA=="
            },
            "fs-extra": {
              "version": "2.1.2",
              "resolved": "https://registry.npmjs.org/fs-extra/-/fs-extra-2.1.2.tgz",
              "integrity": "sha1-BGxwFjzvmq1GsOSn+kZ/si1x3jU="
            }
          }
        },
        "jsonfile": {
          "version": "2.4.0",
          "resolved": "https://registry.npmjs.org/jsonfile/-/jsonfile-2.4.0.tgz",
          "integrity": "sha1-NzaitCi4e72gzIO1P6PWM6NcKug="
        },
        "path-exists": {
          "version": "3.0.0",
          "resolved": "https://registry.npmjs.org/path-exists/-/path-exists-3.0.0.tgz",
          "integrity": "sha1-zg6+ql94yxiSXqfYENe1mwEP1RU="
        },
        "pify": {
          "version": "3.0.0",
          "resolved": "https://registry.npmjs.org/pify/-/pify-3.0.0.tgz",
          "integrity": "sha1-5aSs0sEB/fPZpNB/DbxNtJ3SgXY="
        }
      }
    },
    "electron-prebuilt": {
      "version": "1.4.13",
      "resolved": "https://registry.npmjs.org/electron-prebuilt/-/electron-prebuilt-1.4.13.tgz",
      "integrity": "sha1-Cg5Ne/iVokIGHM+rKTlNzaHaM9I=",
      "dev": true,
      "dependencies": {
        "electron-download": {
          "version": "3.3.0",
          "resolved": "https://registry.npmjs.org/electron-download/-/electron-download-3.3.0.tgz",
          "integrity": "sha1-LP1U1pZsAZxNSa1l++Zcyc3vaMg="
        },
        "fs-extra": {
          "version": "0.30.0",
          "resolved": "https://registry.npmjs.org/fs-extra/-/fs-extra-0.30.0.tgz",
          "integrity": "sha1-8jP/zAjU2n1DLapEl3aYnbHfk/A="
        },
        "jsonfile": {
          "version": "2.4.0",
          "resolved": "https://registry.npmjs.org/jsonfile/-/jsonfile-2.4.0.tgz",
          "integrity": "sha1-NzaitCi4e72gzIO1P6PWM6NcKug="
        },
        "sumchecker": {
          "version": "1.3.1",
          "resolved": "https://registry.npmjs.org/sumchecker/-/sumchecker-1.3.1.tgz",
          "integrity": "sha1-ebs7RFbdBPGOvbwNcDodHa7FEF0="
        }
      }
    },
    "electron-reload": {
      "version": "1.2.2",
      "resolved": "https://registry.npmjs.org/electron-reload/-/electron-reload-1.2.2.tgz",
      "integrity": "sha512-dPZrcqjgFR3Gu5TOOVK3GQx63JcB2WJ0hki/4M5tlenDF7epFSnKkcAZyKYwUGEqk1TkUkUUOl7ZyzAK6QNuNQ==",
      "dev": true
    },
    "exports-loader": {
      "version": "0.6.4",
      "resolved": "https://registry.npmjs.org/exports-loader/-/exports-loader-0.6.4.tgz",
      "integrity": "sha1-1w/GEhl1s1/BKDDPUnVL4nQPyIY=",
      "dev": true
    },
    "file-loader": {
      "version": "1.1.5",
      "resolved": "https://registry.npmjs.org/file-loader/-/file-loader-1.1.5.tgz",
      "integrity": "sha512-RzGHDatcVNpGISTvCpfUfOGpYuSR7HSsSg87ki+wF6rw1Hm0RALPTiAdsxAq1UwLf0RRhbe22/eHK6nhXspiOQ==",
      "dev": true
    },
    "html-webpack-plugin": {
      "version": "2.30.1",
      "resolved": "https://registry.npmjs.org/html-webpack-plugin/-/html-webpack-plugin-2.30.1.tgz",
      "integrity": "sha1-f5xCG36pHsRg9WUn1430hO51N9U=",
      "dev": true,
      "dependencies": {
        "loader-utils": {
          "version": "0.2.17",
          "resolved": "https://registry.npmjs.org/loader-utils/-/loader-utils-0.2.17.tgz",
          "integrity": "sha1-+G5jdNQyBabmxg6RlvF8Apm/s0g="
        },
        "lodash": {
          "version": "4.17.4",
          "resolved": "https://registry.npmjs.org/lodash/-/lodash-4.17.4.tgz",
          "integrity": "sha1-eCA6TRwyiuHYbcpkYONptX9AVa4="
        }
      }
    },
    "istanbul-instrumenter-loader": {
      "version": "2.0.0",
      "resolved": "https://registry.npmjs.org/istanbul-instrumenter-loader/-/istanbul-instrumenter-loader-2.0.0.tgz",
      "integrity": "sha1-5UkpAKsLuoNe+oAkywC+mz7qJwA=",
      "dev": true,
      "dependencies": {
        "loader-utils": {
          "version": "0.2.17",
          "resolved": "https://registry.npmjs.org/loader-utils/-/loader-utils-0.2.17.tgz",
          "integrity": "sha1-+G5jdNQyBabmxg6RlvF8Apm/s0g="
        }
      }
    },
    "jasmine-core": {
      "version": "2.6.4",
      "resolved": "https://registry.npmjs.org/jasmine-core/-/jasmine-core-2.6.4.tgz",
      "integrity": "sha1-3skmzQqfoof7bbXHVfpIfnTOysU=",
      "dev": true
    },
    "jasmine-spec-reporter": {
      "version": "4.1.1",
      "resolved": "https://registry.npmjs.org/jasmine-spec-reporter/-/jasmine-spec-reporter-4.1.1.tgz",
      "integrity": "sha1-Wm1Yq11hvqcwn7wnkjlRF1axtYg=",
      "dev": true
    },
    "karma": {
      "version": "1.7.1",
      "resolved": "https://registry.npmjs.org/karma/-/karma-1.7.1.tgz",
      "integrity": "sha512-k5pBjHDhmkdaUccnC7gE3mBzZjcxyxYsYVaqiL2G5AqlfLyBO5nw2VdNK+O16cveEPd/gIOWULH7gkiYYwVNHg==",
      "dev": true,
      "dependencies": {
        "minimist": {
          "version": "0.0.10",
          "resolved": "https://registry.npmjs.org/minimist/-/minimist-0.0.10.tgz",
          "integrity": "sha1-3j+YVD2/lggr5IrRoMfNqDYwHc8="
        },
        "optimist": {
          "version": "0.6.1",
          "resolved": "https://registry.npmjs.org/optimist/-/optimist-0.6.1.tgz",
          "integrity": "sha1-2j6nRob6IaGaERwybpDrFaAZZoY="
        },
        "tmp": {
          "version": "0.0.31",
          "resolved": "https://registry.npmjs.org/tmp/-/tmp-0.0.31.tgz",
          "integrity": "sha1-jzirlDjhcxXl29izZX6L+yd65Kc="
        }
      }
    },
    "karma-chrome-launcher": {
      "version": "2.1.1",
      "resolved": "https://registry.npmjs.org/karma-chrome-launcher/-/karma-chrome-launcher-2.1.1.tgz",
      "integrity": "sha1-IWh5xorATY1RQOmWGboEtZr9Rs8=",
      "dev": true
    },
    "karma-cli": {
      "version": "1.0.1",
      "resolved": "https://registry.npmjs.org/karma-cli/-/karma-cli-1.0.1.tgz",
      "integrity": "sha1-rmw8WKMTodALRRZMRVubhs4X+WA=",
      "dev": true
    },
    "karma-coverage-istanbul-reporter": {
      "version": "1.3.0",
      "resolved": "https://registry.npmjs.org/karma-coverage-istanbul-reporter/-/karma-coverage-istanbul-reporter-1.3.0.tgz",
      "integrity": "sha1-0ULNnFVzHJ42Pvc3To7xoxvr+ts=",
      "dev": true
    },
    "karma-jasmine": {
      "version": "1.1.0",
      "resolved": "https://registry.npmjs.org/karma-jasmine/-/karma-jasmine-1.1.0.tgz",
      "integrity": "sha1-IuTAa/mhguUpTR9wXjczgRuBCs8=",
      "dev": true
    },
    "karma-jasmine-html-reporter": {
      "version": "0.2.2",
      "resolved": "https://registry.npmjs.org/karma-jasmine-html-reporter/-/karma-jasmine-html-reporter-0.2.2.tgz",
      "integrity": "sha1-SKjl7xiAdhfuK14zwRlMNbQ5Ukw=",
      "dev": true
    },
    "less-loader": {
      "version": "4.0.5",
      "resolved": "https://registry.npmjs.org/less-loader/-/less-loader-4.0.5.tgz",
      "integrity": "sha1-rhVadAbKxqzSk9eFWH/P8PR4xN0=",
      "dev": true,
      "dependencies": {
        "clone": {
          "version": "2.1.1",
          "resolved": "https://registry.npmjs.org/clone/-/clone-2.1.1.tgz",
          "integrity": "sha1-0hfR6WERjjrJpLi7oyhVU79kfNs="
        }
      }
    },
    "lodash": {
      "version": "4.17.21",
      "resolved": "https://registry.npmjs.org/lodash/-/lodash-4.17.21.tgz",
      "integrity": "sha512-v2kDEe57lecTulaDIuNTPy3Ry4gLGJ6Z1O3vE1krgXZNrsQ+LFTGHVxVjcXPs17LhbZVGedAJv8XZ1tvj5FvSg=="
    },
    "postcss-loader": {
      "version": "1.3.3",
      "resolved": "https://registry.npmjs.org/postcss-loader/-/postcss-loader-1.3.3.tgz",
      "integrity": "sha1-piHqH6KQYqg5cqRvVEhncTAZFus=",
      "dev": true
    },
    "postcss-url": {
      "version": "5.1.2",
      "resolved": "https://registry.npmjs.org/postcss-url/-/postcss-url-5.1.2.tgz",
      "integrity": "sha1-mLMWW+jVkkccsMqt3iwNH4MvEz4=",
      "dev": true
    },
    "protractor": {
      "version": "5.1.2",
      "resolved": "https://registry.npmjs.org/protractor/-/protractor-5.1.2.tgz",
      "integrity": "sha1-myIXQXCaTGLVzVPGqt1UpxE36V8=",
      "dev": true,
      "dependencies": {
        "ansi-styles": {
          "version": "2.2.1",
          "resolved": "https://registry.npmjs.org/ansi-styles/-/ansi-styles-2.2.1.tgz",
          "integrity": "sha1-tDLdM1i2NM914eRmQ2gkBTPB3b4="
        },
        "chalk": {
          "version": "1.1.3",
          "resolved": "https://registry.npmjs.org/chalk/-/chalk-1.1.3.tgz",
          "integrity": "sha1-qBFcVeSnAv5NFQq9OHKCKn4J/Jg="
        },
        "del": {
          "version": "2.2.2",
          "resolved": "https://registry.npmjs.org/del/-/del-2.2.2.tgz",
          "integrity": "sha1-wSyYHQZ4RshLyvhiz/kw2Qf/0ag="
        },
        "globby": {
          "version": "5.0.0",
          "resolved": "https://registry.npmjs.org/globby/-/globby-5.0.0.tgz",
          "integrity": "sha1-69hGZ8oNuzMLmbz8aOrCvFQ3Dg0="
        },
        "minimist": {
          "version": "0.0.10",
          "resolved": "https://registry.npmjs.org/minimist/-/minimist-0.0.10.tgz",
          "integrity": "sha1-3j+YVD2/lggr5IrRoMfNqDYwHc8="
        },
        "optimist": {
          "version": "0.6.1",
          "resolved": "https://registry.npmjs.org/optimist/-/optimist-0.6.1.tgz",
          "integrity": "sha1-2j6nRob6IaGaERwybpDrFaAZZoY="
        },
        "q": {
          "version": "1.4.1",
          "resolved": "https://registry.npmjs.org/q/-/q-1.4.1.tgz",
          "integrity": "sha1-VXBbzZPF82c1MMLCy8DCs63cKG4="
        },
        "supports-color": {
          "version": "2.0.0",
          "resolved": "https://registry.npmjs.org/supports-color/-/supports-color-2.0.0.tgz",
          "integrity": "sha1-U10EXOa2Nj+kARcIRimZXp3zJMc="
        },
        "webdriver-manager": {
          "version": "12.0.6",
          "resolved": "https://registry.npmjs.org/webdriver-manager/-/webdriver-manager-12.0.6.tgz",
          "integrity": "sha1-PfGkgZdwELTL+MnYXHpXeCjA5ws=",
          "dependencies": {
            "minimist": {
              "version": "1.2.0",
              "resolved": "https://registry.npmjs.org/minimist/-/minimist-1.2.0.tgz",
              "integrity": "sha1-o1AIsg9BOD7sH7kU9M1d95omQoQ="
            }
          }
        }
      }
    },
    "raw-loader": {
      "version": "0.5.1",
      "resolved": "https://registry.npmjs.org/raw-loader/-/raw-loader-0.5.1.tgz",
      "integrity": "sha1-DD0L6u2KAclm2Xh793goElKpeao=",
      "dev": true
    },
    "rxjs": {
      "version": "5.5.2",
      "resolved": "https://registry.npmjs.org/rxjs/-/rxjs-5.5.2.tgz",
      "integrity": "sha512-oRYoIKWBU3Ic37fLA5VJu31VqQO4bWubRntcHSJ+cwaDQBwdnZ9x4zmhJfm/nFQ2E82/I4loSioHnACamrKGgA=="
    },
    "sass-loader": {
      "version": "6.0.6",
      "resolved": "https://registry.npmjs.org/sass-loader/-/sass-loader-6.0.6.tgz",
      "integrity": "sha512-c3/Zc+iW+qqDip6kXPYLEgsAu2lf4xz0EZDplB7EmSUMda12U1sGJPetH55B/j9eu0bTtKzKlNPWWyYC7wFNyQ==",
      "dev": true,
      "dependencies": {
        "pify": {
          "version": "3.0.0",
          "resolved": "https://registry.npmjs.org/pify/-/pify-3.0.0.tgz",
          "integrity": "sha1-5aSs0sEB/fPZpNB/DbxNtJ3SgXY="
        }
      }
    },
    "source-map-loader": {
      "version": "0.2.3",
      "resolved": "https://registry.npmjs.org/source-map-loader/-/source-map-loader-0.2.3.tgz",
      "integrity": "sha512-MYbFX9DYxmTQFfy2v8FC1XZwpwHKYxg3SK8Wb7VPBKuhDjz8gi9re2819MsG4p49HDyiOSUKlmZ+nQBArW5CGw==",
      "dev": true,
      "dependencies": {
        "loader-utils": {
          "version": "0.2.17",
          "resolved": "https://registry.npmjs.org/loader-utils/-/loader-utils-0.2.17.tgz",
          "integrity": "sha1-+G5jdNQyBabmxg6RlvF8Apm/s0g="
        },
        "source-map": {
          "version": "0.6.1",
          "resolved": "https://registry.npmjs.org/source-map/-/source-map-0.6.1.tgz",
          "integrity": "sha512-UjgapumWlbMhkBgzT7Ykc5YXUT46F0iKu8SGXq0bcwP5dz/h0Plj6enJqjz1Zbq2l5WaqYnrVbwWOWMyF3F47g=="
        }
      }
    },
    "style-loader": {
      "version": "0.13.2",
      "resolved": "https://registry.npmjs.org/style-loader/-/style-loader-0.13.2.tgz",
      "integrity": "sha1-dFMzhM9pjHEEx5URULSXF63C87s=",
      "dev": true
    },
    "stylus-loader": {
      "version": "3.0.1",
      "resolved": "https://registry.npmjs.org/stylus-loader/-/stylus-loader-3.0.1.tgz",
      "integrity": "sha1-d/SzT9Aw0lsmF7z1UT21sHMMQIk=",
      "dev": true
    },
    "ts-loader": {
      "version": "3.1.1",
      "resolved": "https://registry.npmjs.org/ts-loader/-/ts-loader-3.1.1.tgz",
      "integrity": "sha512-AQmLFSIgTiR8AlS5BxqvoHpZ3OUTwHHuDZTAZ2KcKsYRz/yANGeQn4Se/DCQ4cn1/eVvN37f/caVW4+kUPNNHw==",
      "dev": true,
      "dependencies": {
        "chalk": {
          "version": "2.3.0",
          "resolved": "https://registry.npmjs.org/chalk/-/chalk-2.3.0.tgz",
          "integrity": "sha512-Az5zJR2CBujap2rqXGaJKaPHyJ0IrUimvYNX+ncCy8PJP4ltOGTrHUIo097ZaL2zMeKYpiCdqDvS6zdrTFok3Q=="
        }
      }
    },
    "ts-node": {
      "version": "3.2.2",
      "resolved": "https://registry.npmjs.org/ts-node/-/ts-node-3.2.2.tgz",
      "integrity": "sha1-u9KOOK9Kqj6WB2xGbhsiAZfBo84=",
      "dev": true
    },
    "tslint": {
      "version": "5.7.0",
      "resolved": "https://registry.npmjs.org/tslint/-/tslint-5.7.0.tgz",
      "integrity": "sha1-wl4NDJL6EgHCvDDoROCOaCtPNVI=",
      "dev": true
    },
    "typescript": {
      "version": "2.4.2",
      "resolved": "https://registry.npmjs.org/typescript/-/typescript-2.4.2.tgz",
      "integrity": "sha1-+DlfhdRZJ2BnyYiqQYN6j4KHCEQ=",
      "dev": true
    },
    "uglifyjs-webpack-plugin": {
      "version": "1.0.0",
      "resolved": "https://registry.npmjs.org/uglifyjs-webpack-plugin/-/uglifyjs-webpack-plugin-1.0.0.tgz",
      "integrity": "sha512-23qmtiLm1X7O0XVSZ54W7XGHykPss+2lo3RYC9zSzK3DDT5W27woZpDFDKguDCnG1RIX8cDnmy5j+dtXxJCA/Q==",
      "dev": true,
      "dependencies": {
        "uglify-es": {
          "version": "3.1.6",
          "resolved": "https://registry.npmjs.org/uglify-es/-/uglify-es-3.1.6.tgz",
          "integrity": "sha512-7zyH8T4rT3/iLVzNI7Oa8hVQSlv280S8y2/a2EmvEObft3067rdUJJKjBspc70d0HUk1Og1V5Ny4UgZOlZ0hSg==",
          "dependencies": {
            "source-map": {
              "version": "0.6.1",
              "resolved": "https://registry.npmjs.org/source-map/-/source-map-0.6.1.tgz",
              "integrity": "sha512-UjgapumWlbMhkBgzT7Ykc5YXUT46F0iKu8SGXq0bcwP5dz/h0Plj6enJqjz1Zbq2l5WaqYnrVbwWOWMyF3F47g=="
            }
          }
        }
      }
    },
    "url-loader": {
      "version": "0.6.2",
      "resolved": "https://registry.npmjs.org/url-loader/-/url-loader-0.6.2.tgz",
      "integrity": "sha512-h3qf9TNn53BpuXTTcpC+UehiRrl0Cv45Yr/xWayApjw6G8Bg2dGke7rIwDQ39piciWCWrC+WiqLjOh3SUp9n0Q==",
      "dev": true
    },
    "webpack": {
      "version": "3.8.1",
      "resolved": "https://registry.npmjs.org/webpack/-/webpack-3.8.1.tgz",
      "integrity": "sha512-5ZXLWWsMqHKFr5y0N3Eo5IIisxeEeRAajNq4mELb/WELOR7srdbQk2N5XiyNy2A/AgvlR3AmeBCZJW8lHrolbw==",
      "dev": true,
      "dependencies": {
        "ansi-regex": {
          "version": "3.0.0",
          "resolved": "https://registry.npmjs.org/ansi-regex/-/ansi-regex-3.0.0.tgz",
          "integrity": "sha1-7QMXwyIGT3lGbAKWa922Bas32Zg="
        },
        "camelcase": {
          "version": "1.2.1",
          "resolved": "https://registry.npmjs.org/camelcase/-/camelcase-1.2.1.tgz",
          "integrity": "sha1-m7UwTS4LVmmLLHWLCKPqqdqlijk="
        },
        "cliui": {
          "version": "2.1.0",
          "resolved": "https://registry.npmjs.org/cliui/-/cliui-2.1.0.tgz",
          "integrity": "sha1-S0dXYP+AJkx2LDoXGQMukcf+oNE="
        },
        "find-up": {
          "version": "2.1.0",
          "resolved": "https://registry.npmjs.org/find-up/-/find-up-2.1.0.tgz",
          "integrity": "sha1-RdG35QbHF93UgndaK3eSCjwMV6c="
        },
        "load-json-file": {
          "version": "2.0.0",
          "resolved": "https://registry.npmjs.org/load-json-file/-/load-json-file-2.0.0.tgz",
          "integrity": "sha1-eUfkIUmvgNaWy/eXvKq8/h/inKg="
        },
        "os-locale": {
          "version": "2.1.0",
          "resolved": "https://registry.npmjs.org/os-locale/-/os-locale-2.1.0.tgz",
          "integrity": "sha512-3sslG3zJbEYcaC4YVAvDorjGxc7tv6KVATnLPZONiljsUncvihe9BQoVCEs0RZ1kmf4Hk9OBqlZfJZWI4GanKA=="
        },
        "path-type": {
          "version": "2.0.0",
          "resolved": "https://registry.npmjs.org/path-type/-/path-type-2.0.0.tgz",
          "integrity": "sha1-8BLMuEFbcJb8LaoQVMPXI4lZTHM="
        },
        "read-pkg": {
          "version": "2.0.0",
          "resolved": "https://registry.npmjs.org/read-pkg/-/read-pkg-2.0.0.tgz",
          "integrity": "sha1-jvHAYjxqbbDcZxPEv6xGMysjaPg="
        },
        "read-pkg-up": {
          "version": "2.0.0",
          "resolved": "https://registry.npmjs.org/read-pkg-up/-/read-pkg-up-2.0.0.tgz",
          "integrity": "sha1-a3KoBImE4MQeeVEP1en6mbO1Sb4="
        },
        "string-width": {
          "version": "2.1.1",
          "resolved": "https://registry.npmjs.org/string-width/-/string-width-2.1.1.tgz",
          "integrity": "sha512-nOqH59deCq9SRHlxq1Aw85Jnt4w6KvLKqWVik6oA9ZklXLNIOlqg4F2yrT1MVaTjAqvVwdfeZ7w7aCvJD7ugkw==",
          "dependencies": {
            "is-fullwidth-code-point": {
              "version": "2.0.0",
              "resolved": "https://registry.npmjs.org/is-fullwidth-code-point/-/is-fullwidth-code-point-2.0.0.tgz",
              "integrity": "sha1-o7MKXE8ZkYMWeqq5O+764937ZU8="
            },
            "strip-ansi": {
              "version": "4.0.0",
              "resolved": "https://registry.npmjs.org/strip-ansi/-/strip-ansi-4.0.0.tgz",
              "integrity": "sha1-qEeQIusaw2iocTibY1JixQXuNo8="
            }
          }
        },
        "strip-bom": {
          "version": "3.0.0",
          "resolved": "https://registry.npmjs.org/strip-bom/-/strip-bom-3.0.0.tgz",
          "integrity": "sha1-IzTBjpx1n3vdVv3vfprj1YjmjtM="
        },
        "uglify-js": {
          "version": "2.8.29",
          "resolved": "https://registry.npmjs.org/uglify-js/-/uglify-js-2.8.29.tgz",
          "integrity": "sha1-KcVzMUgFe7Th913zW3qcty5qWd0=",
          "dependencies": {
            "yargs": {
              "version": "3.10.0",
              "resolved": "https://registry.npmjs.org/yargs/-/yargs-3.10.0.tgz",
              "integrity": "sha1-9+572FfdfB0tOMDnTvvWgdFDH9E="
            }
          }
        },
        "uglifyjs-webpack-plugin": {
          "version": "0.4.6",
          "resolved": "https://registry.npmjs.org/uglifyjs-webpack-plugin/-/uglifyjs-webpack-plugin-0.4.6.tgz",
          "integrity": "sha1-uVH0q7a9YX5m9j64kUmOORdj4wk="
        },
        "which-module": {
          "version": "2.0.0",
          "resolved": "https://registry.npmjs.org/which-module/-/which-module-2.0.0.tgz",
          "integrity": "sha1-2e8H3Od7mQK4o6j6SzHD4/fm6Ho="
        },
        "wordwrap": {
          "version": "0.0.2",
          "resolved": "https://registry.npmjs.org/wordwrap/-/wordwrap-0.0.2.tgz",
          "integrity": "sha1-t5Zpu0LstAn4PVg8rVLKF+qhZD8="
        },
        "yargs": {
          "version": "8.0.2",
          "resolved": "https://registry.npmjs.org/yargs/-/yargs-8.0.2.tgz",
          "integrity": "sha1-YpmpBVsc78lp/355wdkY3Osiw2A=",
          "dependencies": {
            "camelcase": {
              "version": "4.1.0",
              "resolved": "https://registry.npmjs.org/camelcase/-/camelcase-4.1.0.tgz",
              "integrity": "sha1-1UVjW+HjPFQmScaRc+Xeas+uNN0="
            },
            "cliui": {
              "version": "3.2.0",
              "resolved": "https://registry.npmjs.org/cliui/-/cliui-3.2.0.tgz",
              "integrity": "sha1-EgYBU3qRbSmUD5NNo7SNWFo5IT0=",
              "dependencies": {
                "string-width": {
                  "version": "1.0.2",
                  "resolved": "https://registry.npmjs.org/string-width/-/string-width-1.0.2.tgz",
                  "integrity": "sha1-EYvfW4zcUaKn5w0hHgfisLmxB9M="
                }
              }
            }
          }
        },
        "yargs-parser": {
          "version": "7.0.0",
          "resolved": "https://registry.npmjs.org/yargs-parser/-/yargs-parser-7.0.0.tgz",
          "integrity": "sha1-jQrELxbqVd69MyyvTEA4s+P139k=",
          "dependencies": {
            "camelcase": {
              "version": "4.1.0",
              "resolved": "https://registry.npmjs.org/camelcase/-/camelcase-4.1.0.tgz",
              "integrity": "sha1-1UVjW+HjPFQmScaRc+Xeas+uNN0="
            }
          }
        }
      }
    },
    "webpack-concat-plugin": {
      "version": "1.4.0",
      "resolved": "https://registry.npmjs.org/webpack-concat-plugin/-/webpack-concat-plugin-1.4.0.tgz",
      "integrity": "sha512-Ym9Qm5Sw9oXJYChNJk09I/yaXDaV3UDxsa07wcCvILzIeSJTnSUZjhS4y2YkULzgE8VHOv9X04KtlJPZGwXqMg==",
      "dev": true,
      "dependencies": {
        "camelcase": {
          "version": "1.2.1",
          "resolved": "https://registry.npmjs.org/camelcase/-/camelcase-1.2.1.tgz",
          "integrity": "sha1-m7UwTS4LVmmLLHWLCKPqqdqlijk="
        },
        "cliui": {
          "version": "2.1.0",
          "resolved": "https://registry.npmjs.org/cliui/-/cliui-2.1.0.tgz",
          "integrity": "sha1-S0dXYP+AJkx2LDoXGQMukcf+oNE="
        },
        "uglify-js": {
          "version": "2.8.29",
          "resolved": "https://registry.npmjs.org/uglify-js/-/uglify-js-2.8.29.tgz",
          "integrity": "sha1-KcVzMUgFe7Th913zW3qcty5qWd0="
        },
        "wordwrap": {
          "version": "0.0.2",
          "resolved": "https://registry.npmjs.org/wordwrap/-/wordwrap-0.0.2.tgz",
          "integrity": "sha1-t5Zpu0LstAn4PVg8rVLKF+qhZD8="
        },
        "yargs": {
          "version": "3.10.0",
          "resolved": "https://registry.npmjs.org/yargs/-/yargs-3.10.0.tgz",
          "integrity": "sha1-9+572FfdfB0tOMDnTvvWgdFDH9E="
        }
      }
    },
    "webpack-dev-server": {
      "version": "2.9.4",
      "resolved": "https://registry.npmjs.org/webpack-dev-server/-/webpack-dev-server-2.9.4.tgz",
      "integrity": "sha512-thrqC0EQEoSjXeYgP6pUXcUCZ+LNrKsDPn+mItLnn5VyyNZOJKd06hUP5vqkYwL8nWWXsii0loSF9NHNccT6ow==",
      "dev": true,
      "dependencies": {
        "camelcase": {
          "version": "3.0.0",
          "resolved": "https://registry.npmjs.org/camelcase/-/camelcase-3.0.0.tgz",
          "integrity": "sha1-MvxLn82vhF/N9+c7uXysImHwqwo="
        },
        "debug": {
          "version": "3.1.0",
          "resolved": "https://registry.npmjs.org/debug/-/debug-3.1.0.tgz",
          "integrity": "sha512-OX8XqP7/1a9cqkxYw2yXss15f26NKWBpDXQd0/uK/KPqdQhxbPa994hnzjcE2VqQpDslf55723cKPUOGSmMY3g=="
        },
        "yargs": {
          "version": "6.6.0",
          "resolved": "https://registry.npmjs.org/yargs/-/yargs-6.6.0.tgz",
          "integrity": "sha1-eC7CHvQDNF+DCoCMo9UTr1YGUgg="
        },
        "yargs-parser": {
          "version": "4.2.1",
          "resolved": "https://registry.npmjs.org/yargs-parser/-/yargs-parser-4.2.1.tgz",
          "integrity": "sha1-KczqwNxPA8bIe0qfIX3RjJ90hxw="
        }
      }
    },
    "zone.js": {
      "version": "0.8.18",
      "resolved": "https://registry.npmjs.org/zone.js/-/zone.js-0.8.18.tgz",
      "integrity": "sha512-knKOBQM0oea3/x9pdyDuDi7RhxDlJhOIkeixXSiTKWLgs4LpK37iBc+1HaHwzlciHUKT172CymJFKo8Xgh+44Q=="
    }
  }
}
